
Microsoft Visual Studio Solution File, Format Version 12.00
# Visual Studio Version 17
VisualStudioVersion = 17.9.34607.119
MinimumVisualStudioVersion = 10.0.40219.1
Project("{FAE04EC0-301F-11D3-BF4B-00C04F79EFBC}") = "GameServer", "GameServer.csproj", "{970C2D81-FD2D-4811-9B9E-5CF131426170}"
EndProject
Global
	GlobalSection(SolutionConfigurationPlatforms) = preSolution
		Debug|Any CPU = Debug|Any CPU
		Release|Any CPU = Release|Any CPU
	EndGlobalSection
	GlobalSection(ProjectConfigurationPlatforms) = postSolution
		{970C2D81-FD2D-4811-9B9E-5CF131426170}.Debug|Any CPU.ActiveCfg = Debug|Any CPU
		{970C2D81-FD2D-4811-9B9E-5CF131426170}.Debug|Any CPU.Build.0 = Debug|Any CPU
		{970C2D81-FD2D-4811-9B9E-5CF131426170}.Release|Any CPU.ActiveCfg = Release|Any CPU
		{970C2D81-FD2D-4811-9B9E-5CF131426170}.Release|Any CPU.Build.0 = Release|Any CPU
	EndGlobalSection
	GlobalSection(SolutionProperties) = preSolution
		HideSolutionNode = FALSE
	EndGlobalSection
	GlobalSection(ExtensibilityGlobals) = postSolution
		SolutionGuid = {7A76EA8A-54C6-4477-946A-DE7D4AAA1B58}
	EndGlobalSection
EndGlobal
